
Microsoft Visual Studio Solution File, Format Version 12.00
# Visual Studio 15
VisualStudioVersion = 15.0.28307.1022
MinimumVisualStudioVersion = 10.0.40219.1
Project("{FAE04EC0-301F-11D3-BF4B-00C04F79EFBC}") = "WinServiceConsole", "WinServiceConsole.csproj", "{880E2AC5-9190-4EF7-B739-A25348BCDD9E}"
EndProject
Global
	GlobalSection(SolutionConfigurationPlatforms) = preSolution
		Debug|Any CPU = Debug|Any CPU
		Release|Any CPU = Release|Any CPU
	EndGlobalSection
	GlobalSection(ProjectConfigurationPlatforms) = postSolution
		{880E2AC5-9190-4EF7-B739-A25348BCDD9E}.Debug|Any CPU.ActiveCfg = Debug|Any CPU
		{880E2AC5-9190-4EF7-B739-A25348BCDD9E}.Debug|Any CPU.Build.0 = Debug|Any CPU
		{880E2AC5-9190-4EF7-B739-A25348BCDD9E}.Release|Any CPU.ActiveCfg = Release|Any CPU
		{880E2AC5-9190-4EF7-B739-A25348BCDD9E}.Release|Any CPU.Build.0 = Release|Any CPU
	EndGlobalSection
	GlobalSection(SolutionProperties) = preSolution
		HideSolutionNode = FALSE
	EndGlobalSection
	GlobalSection(ExtensibilityGlobals) = postSolution
		SolutionGuid = {730CAB14-54F8-42E6-B541-437668EA1F89}
	EndGlobalSection
EndGlobal
